// !$*UTF8*$!
{
	archiveVersion = 1;
	classes = {
	};
	objectVersion = 56;
	objects = {

/* Begin PBXBuildFile section */
		720710B92C1AD8EE00DEB707 /* AppDelegate.swift in Sources */ = {isa = PBXBuildFile; fileRef = 720710B82C1AD8EE00DEB707 /* AppDelegate.swift */; };
		720710BB2C1AD8EE00DEB707 /* SceneDelegate.swift in Sources */ = {isa = PBXBuildFile; fileRef = 720710BA2C1AD8EE00DEB707 /* SceneDelegate.swift */; };
		720710C22C1AD8EF00DEB707 /* Assets.xcassets in Resources */ = {isa = PBXBuildFile; fileRef = 720710C12C1AD8EF00DEB707 /* Assets.xcassets */; };
		720710C52C1AD8EF00DEB707 /* Base in Resources */ = {isa = PBXBuildFile; fileRef = 720710C42C1AD8EF00DEB707 /* Base */; };
		720710CD2C1ADB2600DEB707 /* OnBoardingViewController.swift in Sources */ = {isa = PBXBuildFile; fileRef = 720710CC2C1ADB2600DEB707 /* OnBoardingViewController.swift */; };
		720710D12C1AF4EB00DEB707 /* PointButton.swift in Sources */ = {isa = PBXBuildFile; fileRef = 720710D02C1AF4EB00DEB707 /* PointButton.swift */; };
		720710D42C1AF60E00DEB707 /* ResourceColor.swift in Sources */ = {isa = PBXBuildFile; fileRef = 720710D32C1AF60E00DEB707 /* ResourceColor.swift */; };
		720710D92C1AFA7A00DEB707 /* MainPosterImageView.swift in Sources */ = {isa = PBXBuildFile; fileRef = 720710D82C1AFA7A00DEB707 /* MainPosterImageView.swift */; };
		720710DB2C1AFE2A00DEB707 /* AppTitleLabel.swift in Sources */ = {isa = PBXBuildFile; fileRef = 720710DA2C1AFE2A00DEB707 /* AppTitleLabel.swift */; };
		720710DD2C1AFF2000DEB707 /* .gitignore in Resources */ = {isa = PBXBuildFile; fileRef = 720710DC2C1AFF2000DEB707 /* .gitignore */; };
		720710E02C1B01FD00DEB707 /* SnapKit in Frameworks */ = {isa = PBXBuildFile; productRef = 720710DF2C1B01FD00DEB707 /* SnapKit */; };
		720710E22C1B0ACB00DEB707 /* NicknameViewController.swift in Sources */ = {isa = PBXBuildFile; fileRef = 720710E12C1B0ACB00DEB707 /* NicknameViewController.swift */; };
		720710E42C1B0FA600DEB707 /* ProfileImage.swift in Sources */ = {isa = PBXBuildFile; fileRef = 720710E32C1B0FA600DEB707 /* ProfileImage.swift */; };
		720710E62C1B140400DEB707 /* NicknameTextField.swift in Sources */ = {isa = PBXBuildFile; fileRef = 720710E52C1B140400DEB707 /* NicknameTextField.swift */; };
		720710E92C1B149B00DEB707 /* TextFieldPlaceholder.swift in Sources */ = {isa = PBXBuildFile; fileRef = 720710E82C1B149B00DEB707 /* TextFieldPlaceholder.swift */; };
		720710EB2C1B269B00DEB707 /* ResourceFont.swift in Sources */ = {isa = PBXBuildFile; fileRef = 720710EA2C1B269B00DEB707 /* ResourceFont.swift */; };
		720710ED2C1B26F500DEB707 /* SetLabel.swift in Sources */ = {isa = PBXBuildFile; fileRef = 720710EC2C1B26F500DEB707 /* SetLabel.swift */; };
		720710EF2C1B275500DEB707 /* UILabel+Extension.swift in Sources */ = {isa = PBXBuildFile; fileRef = 720710EE2C1B275500DEB707 /* UILabel+Extension.swift */; };
		720710F22C1C187C00DEB707 /* ProfileViewController.swift in Sources */ = {isa = PBXBuildFile; fileRef = 720710F12C1C187C00DEB707 /* ProfileViewController.swift */; };
		720710F52C1C1FA700DEB707 /* ProfileCollectionViewCell.swift in Sources */ = {isa = PBXBuildFile; fileRef = 720710F42C1C1FA700DEB707 /* ProfileCollectionViewCell.swift */; };
		720710F82C1C203500DEB707 /* ReuseIdentifierProtocol.swift in Sources */ = {isa = PBXBuildFile; fileRef = 720710F72C1C203500DEB707 /* ReuseIdentifierProtocol.swift */; };
		720710FB2C1C80BA00DEB707 /* TabBarController.swift in Sources */ = {isa = PBXBuildFile; fileRef = 720710FA2C1C80BA00DEB707 /* TabBarController.swift */; };
		720710FD2C1C818700DEB707 /* SearchViewController.swift in Sources */ = {isa = PBXBuildFile; fileRef = 720710FC2C1C818600DEB707 /* SearchViewController.swift */; };
		720710FF2C1C819400DEB707 /* SettingViewController.swift in Sources */ = {isa = PBXBuildFile; fileRef = 720710FE2C1C819400DEB707 /* SettingViewController.swift */; };
		720711012C1D5A3A00DEB707 /* UserDefaultsManager.swift in Sources */ = {isa = PBXBuildFile; fileRef = 720711002C1D5A3A00DEB707 /* UserDefaultsManager.swift */; };
		720711032C1D5BD500DEB707 /* SearchTableViewCell.swift in Sources */ = {isa = PBXBuildFile; fileRef = 720711022C1D5BD500DEB707 /* SearchTableViewCell.swift */; };
		720711052C1D6DDB00DEB707 /* EmptyImage.swift in Sources */ = {isa = PBXBuildFile; fileRef = 720711042C1D6DDB00DEB707 /* EmptyImage.swift */; };
		7207110B2C1D7A8F00DEB707 /* RecentImage.swift in Sources */ = {isa = PBXBuildFile; fileRef = 7207110A2C1D7A8F00DEB707 /* RecentImage.swift */; };
		7207110D2C1D7CAD00DEB707 /* DeleteButton.swift in Sources */ = {isa = PBXBuildFile; fileRef = 7207110C2C1D7CAD00DEB707 /* DeleteButton.swift */; };
/* End PBXBuildFile section */

/* Begin PBXFileReference section */
		720710B52C1AD8EE00DEB707 /* MyShopping.app */ = {isa = PBXFileReference; explicitFileType = wrapper.application; includeInIndex = 0; path = MyShopping.app; sourceTree = BUILT_PRODUCTS_DIR; };
		720710B82C1AD8EE00DEB707 /* AppDelegate.swift */ = {isa = PBXFileReference; lastKnownFileType = sourcecode.swift; path = AppDelegate.swift; sourceTree = "<group>"; };
		720710BA2C1AD8EE00DEB707 /* SceneDelegate.swift */ = {isa = PBXFileReference; lastKnownFileType = sourcecode.swift; path = SceneDelegate.swift; sourceTree = "<group>"; };
		720710C12C1AD8EF00DEB707 /* Assets.xcassets */ = {isa = PBXFileReference; lastKnownFileType = folder.assetcatalog; path = Assets.xcassets; sourceTree = "<group>"; };
		720710C42C1AD8EF00DEB707 /* Base */ = {isa = PBXFileReference; lastKnownFileType = file.storyboard; name = Base; path = Base.lproj/LaunchScreen.storyboard; sourceTree = "<group>"; };
		720710C62C1AD8EF00DEB707 /* Info.plist */ = {isa = PBXFileReference; lastKnownFileType = text.plist.xml; path = Info.plist; sourceTree = "<group>"; };
		720710CC2C1ADB2600DEB707 /* OnBoardingViewController.swift */ = {isa = PBXFileReference; lastKnownFileType = sourcecode.swift; path = OnBoardingViewController.swift; sourceTree = "<group>"; };
		720710D02C1AF4EB00DEB707 /* PointButton.swift */ = {isa = PBXFileReference; lastKnownFileType = sourcecode.swift; path = PointButton.swift; sourceTree = "<group>"; };
		720710D32C1AF60E00DEB707 /* ResourceColor.swift */ = {isa = PBXFileReference; lastKnownFileType = sourcecode.swift; path = ResourceColor.swift; sourceTree = "<group>"; };
		720710D82C1AFA7A00DEB707 /* MainPosterImageView.swift */ = {isa = PBXFileReference; lastKnownFileType = sourcecode.swift; path = MainPosterImageView.swift; sourceTree = "<group>"; };
		720710DA2C1AFE2A00DEB707 /* AppTitleLabel.swift */ = {isa = PBXFileReference; lastKnownFileType = sourcecode.swift; path = AppTitleLabel.swift; sourceTree = "<group>"; };
		720710DC2C1AFF2000DEB707 /* .gitignore */ = {isa = PBXFileReference; lastKnownFileType = text; path = .gitignore; sourceTree = "<group>"; };
		720710E12C1B0ACB00DEB707 /* NicknameViewController.swift */ = {isa = PBXFileReference; lastKnownFileType = sourcecode.swift; path = NicknameViewController.swift; sourceTree = "<group>"; };
		720710E32C1B0FA600DEB707 /* ProfileImage.swift */ = {isa = PBXFileReference; lastKnownFileType = sourcecode.swift; path = ProfileImage.swift; sourceTree = "<group>"; };
		720710E52C1B140400DEB707 /* NicknameTextField.swift */ = {isa = PBXFileReference; lastKnownFileType = sourcecode.swift; path = NicknameTextField.swift; sourceTree = "<group>"; };
		720710E82C1B149B00DEB707 /* TextFieldPlaceholder.swift */ = {isa = PBXFileReference; lastKnownFileType = sourcecode.swift; path = TextFieldPlaceholder.swift; sourceTree = "<group>"; };
		720710EA2C1B269B00DEB707 /* ResourceFont.swift */ = {isa = PBXFileReference; lastKnownFileType = sourcecode.swift; path = ResourceFont.swift; sourceTree = "<group>"; };
		720710EC2C1B26F500DEB707 /* SetLabel.swift */ = {isa = PBXFileReference; lastKnownFileType = sourcecode.swift; path = SetLabel.swift; sourceTree = "<group>"; };
		720710EE2C1B275500DEB707 /* UILabel+Extension.swift */ = {isa = PBXFileReference; lastKnownFileType = sourcecode.swift; path = "UILabel+Extension.swift"; sourceTree = "<group>"; };
		720710F12C1C187C00DEB707 /* ProfileViewController.swift */ = {isa = PBXFileReference; lastKnownFileType = sourcecode.swift; path = ProfileViewController.swift; sourceTree = "<group>"; };
		720710F42C1C1FA700DEB707 /* ProfileCollectionViewCell.swift */ = {isa = PBXFileReference; lastKnownFileType = sourcecode.swift; path = ProfileCollectionViewCell.swift; sourceTree = "<group>"; };
		720710F72C1C203500DEB707 /* ReuseIdentifierProtocol.swift */ = {isa = PBXFileReference; lastKnownFileType = sourcecode.swift; path = ReuseIdentifierProtocol.swift; sourceTree = "<group>"; };
		720710FA2C1C80BA00DEB707 /* TabBarController.swift */ = {isa = PBXFileReference; lastKnownFileType = sourcecode.swift; path = TabBarController.swift; sourceTree = "<group>"; };
		720710FC2C1C818600DEB707 /* SearchViewController.swift */ = {isa = PBXFileReference; lastKnownFileType = sourcecode.swift; path = SearchViewController.swift; sourceTree = "<group>"; };
		720710FE2C1C819400DEB707 /* SettingViewController.swift */ = {isa = PBXFileReference; lastKnownFileType = sourcecode.swift; path = SettingViewController.swift; sourceTree = "<group>"; };
		720711002C1D5A3A00DEB707 /* UserDefaultsManager.swift */ = {isa = PBXFileReference; lastKnownFileType = sourcecode.swift; path = UserDefaultsManager.swift; sourceTree = "<group>"; };
		720711022C1D5BD500DEB707 /* SearchTableViewCell.swift */ = {isa = PBXFileReference; lastKnownFileType = sourcecode.swift; path = SearchTableViewCell.swift; sourceTree = "<group>"; };
		720711042C1D6DDB00DEB707 /* EmptyImage.swift */ = {isa = PBXFileReference; lastKnownFileType = sourcecode.swift; path = EmptyImage.swift; sourceTree = "<group>"; };
		7207110A2C1D7A8F00DEB707 /* RecentImage.swift */ = {isa = PBXFileReference; lastKnownFileType = sourcecode.swift; path = RecentImage.swift; sourceTree = "<group>"; };
		7207110C2C1D7CAD00DEB707 /* DeleteButton.swift */ = {isa = PBXFileReference; lastKnownFileType = sourcecode.swift; path = DeleteButton.swift; sourceTree = "<group>"; };
/* End PBXFileReference section */

/* Begin PBXFrameworksBuildPhase section */
		720710B22C1AD8EE00DEB707 /* Frameworks */ = {
			isa = PBXFrameworksBuildPhase;
			buildActionMask = 2147483647;
			files = (
				720710E02C1B01FD00DEB707 /* SnapKit in Frameworks */,
			);
			runOnlyForDeploymentPostprocessing = 0;
		};
/* End PBXFrameworksBuildPhase section */

/* Begin PBXGroup section */
		720710AC2C1AD8EE00DEB707 = {
			isa = PBXGroup;
			children = (
				720710DC2C1AFF2000DEB707 /* .gitignore */,
				720710B72C1AD8EE00DEB707 /* MyShopping */,
				720710B62C1AD8EE00DEB707 /* Products */,
			);
			sourceTree = "<group>";
		};
		720710B62C1AD8EE00DEB707 /* Products */ = {
			isa = PBXGroup;
			children = (
				720710B52C1AD8EE00DEB707 /* MyShopping.app */,
			);
			name = Products;
			sourceTree = "<group>";
		};
		720710B72C1AD8EE00DEB707 /* MyShopping */ = {
			isa = PBXGroup;
			children = (
				720710F62C1C202700DEB707 /* Protocol */,
				720710F02C1B275900DEB707 /* Extension */,
				720710E72C1B146400DEB707 /* Enum */,
				720710D22C1AF5DC00DEB707 /* Resource */,
				720710CF2C1ADC0800DEB707 /* CustomView */,
				720710CE2C1ADB2B00DEB707 /* ViewController */,
				720710F32C1C1F8900DEB707 /* Cell */,
				720710B82C1AD8EE00DEB707 /* AppDelegate.swift */,
				720710BA2C1AD8EE00DEB707 /* SceneDelegate.swift */,
				720710C12C1AD8EF00DEB707 /* Assets.xcassets */,
				720710C32C1AD8EF00DEB707 /* LaunchScreen.storyboard */,
				720710C62C1AD8EF00DEB707 /* Info.plist */,
			);
			path = MyShopping;
			sourceTree = "<group>";
		};
		720710CE2C1ADB2B00DEB707 /* ViewController */ = {
			isa = PBXGroup;
			children = (
				720710F92C1C809200DEB707 /* TabBar */,
				720710CC2C1ADB2600DEB707 /* OnBoardingViewController.swift */,
				720710E12C1B0ACB00DEB707 /* NicknameViewController.swift */,
				720710F12C1C187C00DEB707 /* ProfileViewController.swift */,
				720710FC2C1C818600DEB707 /* SearchViewController.swift */,
				720710FE2C1C819400DEB707 /* SettingViewController.swift */,
			);
			path = ViewController;
			sourceTree = "<group>";
		};
		720710CF2C1ADC0800DEB707 /* CustomView */ = {
			isa = PBXGroup;
			children = (
				720711072C1D788A00DEB707 /* Button */,
				720711062C1D6E4200DEB707 /* ImageView */,
				720710DA2C1AFE2A00DEB707 /* AppTitleLabel.swift */,
				720710E52C1B140400DEB707 /* NicknameTextField.swift */,
				720710EC2C1B26F500DEB707 /* SetLabel.swift */,
			);
			path = CustomView;
			sourceTree = "<group>";
		};
		720710D22C1AF5DC00DEB707 /* Resource */ = {
			isa = PBXGroup;
			children = (
				720710D32C1AF60E00DEB707 /* ResourceColor.swift */,
				720710EA2C1B269B00DEB707 /* ResourceFont.swift */,
				720711002C1D5A3A00DEB707 /* UserDefaultsManager.swift */,
			);
			path = Resource;
			sourceTree = "<group>";
		};
		720710E72C1B146400DEB707 /* Enum */ = {
			isa = PBXGroup;
			children = (
				720710E82C1B149B00DEB707 /* TextFieldPlaceholder.swift */,
			);
			path = Enum;
			sourceTree = "<group>";
		};
		720710F02C1B275900DEB707 /* Extension */ = {
			isa = PBXGroup;
			children = (
				720710EE2C1B275500DEB707 /* UILabel+Extension.swift */,
			);
			path = Extension;
			sourceTree = "<group>";
		};
		720710F32C1C1F8900DEB707 /* Cell */ = {
			isa = PBXGroup;
			children = (
				720710F42C1C1FA700DEB707 /* ProfileCollectionViewCell.swift */,
				720711022C1D5BD500DEB707 /* SearchTableViewCell.swift */,
			);
			path = Cell;
			sourceTree = "<group>";
		};
		720710F62C1C202700DEB707 /* Protocol */ = {
			isa = PBXGroup;
			children = (
				720710F72C1C203500DEB707 /* ReuseIdentifierProtocol.swift */,
			);
			path = Protocol;
			sourceTree = "<group>";
		};
		720710F92C1C809200DEB707 /* TabBar */ = {
			isa = PBXGroup;
			children = (
				720710FA2C1C80BA00DEB707 /* TabBarController.swift */,
			);
			path = TabBar;
			sourceTree = "<group>";
		};
		720711062C1D6E4200DEB707 /* ImageView */ = {
			isa = PBXGroup;
			children = (
				720710D82C1AFA7A00DEB707 /* MainPosterImageView.swift */,
				720710E32C1B0FA600DEB707 /* ProfileImage.swift */,
				720711042C1D6DDB00DEB707 /* EmptyImage.swift */,
				7207110A2C1D7A8F00DEB707 /* RecentImage.swift */,
			);
			path = ImageView;
			sourceTree = "<group>";
		};
		720711072C1D788A00DEB707 /* Button */ = {
			isa = PBXGroup;
			children = (
				720710D02C1AF4EB00DEB707 /* PointButton.swift */,
				7207110C2C1D7CAD00DEB707 /* DeleteButton.swift */,
			);
			path = Button;
			sourceTree = "<group>";
		};
/* End PBXGroup section */

/* Begin PBXNativeTarget section */
		720710B42C1AD8EE00DEB707 /* MyShopping */ = {
			isa = PBXNativeTarget;
			buildConfigurationList = 720710C92C1AD8EF00DEB707 /* Build configuration list for PBXNativeTarget "MyShopping" */;
			buildPhases = (
				720710B12C1AD8EE00DEB707 /* Sources */,
				720710B22C1AD8EE00DEB707 /* Frameworks */,
				720710B32C1AD8EE00DEB707 /* Resources */,
			);
			buildRules = (
			);
			dependencies = (
			);
			name = MyShopping;
			packageProductDependencies = (
				720710DF2C1B01FD00DEB707 /* SnapKit */,
			);
			productName = MyShopping;
			productReference = 720710B52C1AD8EE00DEB707 /* MyShopping.app */;
			productType = "com.apple.product-type.application";
		};
/* End PBXNativeTarget section */

/* Begin PBXProject section */
		720710AD2C1AD8EE00DEB707 /* Project object */ = {
			isa = PBXProject;
			attributes = {
				BuildIndependentTargetsInParallel = 1;
				LastSwiftUpdateCheck = 1530;
				LastUpgradeCheck = 1530;
				TargetAttributes = {
					720710B42C1AD8EE00DEB707 = {
						CreatedOnToolsVersion = 15.3;
					};
				};
			};
			buildConfigurationList = 720710B02C1AD8EE00DEB707 /* Build configuration list for PBXProject "MyShopping" */;
			compatibilityVersion = "Xcode 14.0";
			developmentRegion = en;
			hasScannedForEncodings = 0;
			knownRegions = (
				en,
				Base,
			);
			mainGroup = 720710AC2C1AD8EE00DEB707;
			packageReferences = (
				720710DE2C1B01FD00DEB707 /* XCRemoteSwiftPackageReference "SnapKit" */,
			);
			productRefGroup = 720710B62C1AD8EE00DEB707 /* Products */;
			projectDirPath = "";
			projectRoot = "";
			targets = (
				720710B42C1AD8EE00DEB707 /* MyShopping */,
			);
		};
/* End PBXProject section */

/* Begin PBXResourcesBuildPhase section */
		720710B32C1AD8EE00DEB707 /* Resources */ = {
			isa = PBXResourcesBuildPhase;
			buildActionMask = 2147483647;
			files = (
				720710C22C1AD8EF00DEB707 /* Assets.xcassets in Resources */,
				720710DD2C1AFF2000DEB707 /* .gitignore in Resources */,
				720710C52C1AD8EF00DEB707 /* Base in Resources */,
			);
			runOnlyForDeploymentPostprocessing = 0;
		};
/* End PBXResourcesBuildPhase section */

/* Begin PBXSourcesBuildPhase section */
		720710B12C1AD8EE00DEB707 /* Sources */ = {
			isa = PBXSourcesBuildPhase;
			buildActionMask = 2147483647;
			files = (
				720710EB2C1B269B00DEB707 /* ResourceFont.swift in Sources */,
				720710D42C1AF60E00DEB707 /* ResourceColor.swift in Sources */,
				720710F52C1C1FA700DEB707 /* ProfileCollectionViewCell.swift in Sources */,
				720710FB2C1C80BA00DEB707 /* TabBarController.swift in Sources */,
				720710FD2C1C818700DEB707 /* SearchViewController.swift in Sources */,
				720710CD2C1ADB2600DEB707 /* OnBoardingViewController.swift in Sources */,
				720710B92C1AD8EE00DEB707 /* AppDelegate.swift in Sources */,
				720710D12C1AF4EB00DEB707 /* PointButton.swift in Sources */,
				720711052C1D6DDB00DEB707 /* EmptyImage.swift in Sources */,
				720710E42C1B0FA600DEB707 /* ProfileImage.swift in Sources */,
				720710F82C1C203500DEB707 /* ReuseIdentifierProtocol.swift in Sources */,
				720710E22C1B0ACB00DEB707 /* NicknameViewController.swift in Sources */,
				720710E92C1B149B00DEB707 /* TextFieldPlaceholder.swift in Sources */,
				720710D92C1AFA7A00DEB707 /* MainPosterImageView.swift in Sources */,
				720710DB2C1AFE2A00DEB707 /* AppTitleLabel.swift in Sources */,
				720710EF2C1B275500DEB707 /* UILabel+Extension.swift in Sources */,
				720711032C1D5BD500DEB707 /* SearchTableViewCell.swift in Sources */,
				720710FF2C1C819400DEB707 /* SettingViewController.swift in Sources */,
				720710BB2C1AD8EE00DEB707 /* SceneDelegate.swift in Sources */,
				720711012C1D5A3A00DEB707 /* UserDefaultsManager.swift in Sources */,
				7207110B2C1D7A8F00DEB707 /* RecentImage.swift in Sources */,
				720710F22C1C187C00DEB707 /* ProfileViewController.swift in Sources */,
				720710ED2C1B26F500DEB707 /* SetLabel.swift in Sources */,
				720710E62C1B140400DEB707 /* NicknameTextField.swift in Sources */,
				7207110D2C1D7CAD00DEB707 /* DeleteButton.swift in Sources */,
			);
			runOnlyForDeploymentPostprocessing = 0;
		};
/* End PBXSourcesBuildPhase section */

/* Begin PBXVariantGroup section */
		720710C32C1AD8EF00DEB707 /* LaunchScreen.storyboard */ = {
			isa = PBXVariantGroup;
			children = (
				720710C42C1AD8EF00DEB707 /* Base */,
			);
			name = LaunchScreen.storyboard;
			sourceTree = "<group>";
		};
/* End PBXVariantGroup section */

/* Begin XCBuildConfiguration section */
		720710C72C1AD8EF00DEB707 /* Debug */ = {
			isa = XCBuildConfiguration;
			buildSettings = {
				ALWAYS_SEARCH_USER_PATHS = NO;
				ASSETCATALOG_COMPILER_GENERATE_SWIFT_ASSET_SYMBOL_EXTENSIONS = YES;
				CLANG_ANALYZER_NONNULL = YES;
				CLANG_ANALYZER_NUMBER_OBJECT_CONVERSION = YES_AGGRESSIVE;
				CLANG_CXX_LANGUAGE_STANDARD = "gnu++20";
				CLANG_ENABLE_MODULES = YES;
				CLANG_ENABLE_OBJC_ARC = YES;
				CLANG_ENABLE_OBJC_WEAK = YES;
				CLANG_WARN_BLOCK_CAPTURE_AUTORELEASING = YES;
				CLANG_WARN_BOOL_CONVERSION = YES;
				CLANG_WARN_COMMA = YES;
				CLANG_WARN_CONSTANT_CONVERSION = YES;
				CLANG_WARN_DEPRECATED_OBJC_IMPLEMENTATIONS = YES;
				CLANG_WARN_DIRECT_OBJC_ISA_USAGE = YES_ERROR;
				CLANG_WARN_DOCUMENTATION_COMMENTS = YES;
				CLANG_WARN_EMPTY_BODY = YES;
				CLANG_WARN_ENUM_CONVERSION = YES;
				CLANG_WARN_INFINITE_RECURSION = YES;
				CLANG_WARN_INT_CONVERSION = YES;
				CLANG_WARN_NON_LITERAL_NULL_CONVERSION = YES;
				CLANG_WARN_OBJC_IMPLICIT_RETAIN_SELF = YES;
				CLANG_WARN_OBJC_LITERAL_CONVERSION = YES;
				CLANG_WARN_OBJC_ROOT_CLASS = YES_ERROR;
				CLANG_WARN_QUOTED_INCLUDE_IN_FRAMEWORK_HEADER = YES;
				CLANG_WARN_RANGE_LOOP_ANALYSIS = YES;
				CLANG_WARN_STRICT_PROTOTYPES = YES;
				CLANG_WARN_SUSPICIOUS_MOVE = YES;
				CLANG_WARN_UNGUARDED_AVAILABILITY = YES_AGGRESSIVE;
				CLANG_WARN_UNREACHABLE_CODE = YES;
				CLANG_WARN__DUPLICATE_METHOD_MATCH = YES;
				COPY_PHASE_STRIP = NO;
				DEBUG_INFORMATION_FORMAT = dwarf;
				ENABLE_STRICT_OBJC_MSGSEND = YES;
				ENABLE_TESTABILITY = YES;
				ENABLE_USER_SCRIPT_SANDBOXING = YES;
				GCC_C_LANGUAGE_STANDARD = gnu17;
				GCC_DYNAMIC_NO_PIC = NO;
				GCC_NO_COMMON_BLOCKS = YES;
				GCC_OPTIMIZATION_LEVEL = 0;
				GCC_PREPROCESSOR_DEFINITIONS = (
					"DEBUG=1",
					"$(inherited)",
				);
				GCC_WARN_64_TO_32_BIT_CONVERSION = YES;
				GCC_WARN_ABOUT_RETURN_TYPE = YES_ERROR;
				GCC_WARN_UNDECLARED_SELECTOR = YES;
				GCC_WARN_UNINITIALIZED_AUTOS = YES_AGGRESSIVE;
				GCC_WARN_UNUSED_FUNCTION = YES;
				GCC_WARN_UNUSED_VARIABLE = YES;
				IPHONEOS_DEPLOYMENT_TARGET = 17.4;
				LOCALIZATION_PREFERS_STRING_CATALOGS = YES;
				MTL_ENABLE_DEBUG_INFO = INCLUDE_SOURCE;
				MTL_FAST_MATH = YES;
				ONLY_ACTIVE_ARCH = YES;
				SDKROOT = iphoneos;
				SWIFT_ACTIVE_COMPILATION_CONDITIONS = "DEBUG $(inherited)";
				SWIFT_OPTIMIZATION_LEVEL = "-Onone";
			};
			name = Debug;
		};
		720710C82C1AD8EF00DEB707 /* Release */ = {
			isa = XCBuildConfiguration;
			buildSettings = {
				ALWAYS_SEARCH_USER_PATHS = NO;
				ASSETCATALOG_COMPILER_GENERATE_SWIFT_ASSET_SYMBOL_EXTENSIONS = YES;
				CLANG_ANALYZER_NONNULL = YES;
				CLANG_ANALYZER_NUMBER_OBJECT_CONVERSION = YES_AGGRESSIVE;
				CLANG_CXX_LANGUAGE_STANDARD = "gnu++20";
				CLANG_ENABLE_MODULES = YES;
				CLANG_ENABLE_OBJC_ARC = YES;
				CLANG_ENABLE_OBJC_WEAK = YES;
				CLANG_WARN_BLOCK_CAPTURE_AUTORELEASING = YES;
				CLANG_WARN_BOOL_CONVERSION = YES;
				CLANG_WARN_COMMA = YES;
				CLANG_WARN_CONSTANT_CONVERSION = YES;
				CLANG_WARN_DEPRECATED_OBJC_IMPLEMENTATIONS = YES;
				CLANG_WARN_DIRECT_OBJC_ISA_USAGE = YES_ERROR;
				CLANG_WARN_DOCUMENTATION_COMMENTS = YES;
				CLANG_WARN_EMPTY_BODY = YES;
				CLANG_WARN_ENUM_CONVERSION = YES;
				CLANG_WARN_INFINITE_RECURSION = YES;
				CLANG_WARN_INT_CONVERSION = YES;
				CLANG_WARN_NON_LITERAL_NULL_CONVERSION = YES;
				CLANG_WARN_OBJC_IMPLICIT_RETAIN_SELF = YES;
				CLANG_WARN_OBJC_LITERAL_CONVERSION = YES;
				CLANG_WARN_OBJC_ROOT_CLASS = YES_ERROR;
				CLANG_WARN_QUOTED_INCLUDE_IN_FRAMEWORK_HEADER = YES;
				CLANG_WARN_RANGE_LOOP_ANALYSIS = YES;
				CLANG_WARN_STRICT_PROTOTYPES = YES;
				CLANG_WARN_SUSPICIOUS_MOVE = YES;
				CLANG_WARN_UNGUARDED_AVAILABILITY = YES_AGGRESSIVE;
				CLANG_WARN_UNREACHABLE_CODE = YES;
				CLANG_WARN__DUPLICATE_METHOD_MATCH = YES;
				COPY_PHASE_STRIP = NO;
				DEBUG_INFORMATION_FORMAT = "dwarf-with-dsym";
				ENABLE_NS_ASSERTIONS = NO;
				ENABLE_STRICT_OBJC_MSGSEND = YES;
				ENABLE_USER_SCRIPT_SANDBOXING = YES;
				GCC_C_LANGUAGE_STANDARD = gnu17;
				GCC_NO_COMMON_BLOCKS = YES;
				GCC_WARN_64_TO_32_BIT_CONVERSION = YES;
				GCC_WARN_ABOUT_RETURN_TYPE = YES_ERROR;
				GCC_WARN_UNDECLARED_SELECTOR = YES;
				GCC_WARN_UNINITIALIZED_AUTOS = YES_AGGRESSIVE;
				GCC_WARN_UNUSED_FUNCTION = YES;
				GCC_WARN_UNUSED_VARIABLE = YES;
				IPHONEOS_DEPLOYMENT_TARGET = 17.4;
				LOCALIZATION_PREFERS_STRING_CATALOGS = YES;
				MTL_ENABLE_DEBUG_INFO = NO;
				MTL_FAST_MATH = YES;
				SDKROOT = iphoneos;
				SWIFT_COMPILATION_MODE = wholemodule;
				VALIDATE_PRODUCT = YES;
			};
			name = Release;
		};
		720710CA2C1AD8EF00DEB707 /* Debug */ = {
			isa = XCBuildConfiguration;
			buildSettings = {
				ASSETCATALOG_COMPILER_APPICON_NAME = AppIcon;
				ASSETCATALOG_COMPILER_GLOBAL_ACCENT_COLOR_NAME = AccentColor;
				CODE_SIGN_STYLE = Automatic;
				CURRENT_PROJECT_VERSION = 1;
				DEVELOPMENT_TEAM = QQN262X7KM;
				GENERATE_INFOPLIST_FILE = YES;
				INFOPLIST_FILE = MyShopping/Info.plist;
				INFOPLIST_KEY_CFBundleDisplayName = MyShop;
				INFOPLIST_KEY_UIApplicationSupportsIndirectInputEvents = YES;
				INFOPLIST_KEY_UILaunchStoryboardName = LaunchScreen;
				INFOPLIST_KEY_UISupportedInterfaceOrientations = UIInterfaceOrientationPortrait;
				INFOPLIST_KEY_UISupportedInterfaceOrientations_iPad = UIInterfaceOrientationPortrait;
				IPHONEOS_DEPLOYMENT_TARGET = 15.0;
				LD_RUNPATH_SEARCH_PATHS = (
					"$(inherited)",
					"@executable_path/Frameworks",
				);
				MARKETING_VERSION = 1.0;
				PRODUCT_BUNDLE_IDENTIFIER = com.Jun.MyShopping;
				PRODUCT_NAME = "$(TARGET_NAME)";
				SUPPORTED_PLATFORMS = "iphoneos iphonesimulator";
				SUPPORTS_MACCATALYST = NO;
				SUPPORTS_MAC_DESIGNED_FOR_IPHONE_IPAD = NO;
				SUPPORTS_XR_DESIGNED_FOR_IPHONE_IPAD = NO;
				SWIFT_EMIT_LOC_STRINGS = YES;
				SWIFT_VERSION = 5.0;
				TARGETED_DEVICE_FAMILY = 1;
			};
			name = Debug;
		};
		720710CB2C1AD8EF00DEB707 /* Release */ = {
			isa = XCBuildConfiguration;
			buildSettings = {
				ASSETCATALOG_COMPILER_APPICON_NAME = AppIcon;
				ASSETCATALOG_COMPILER_GLOBAL_ACCENT_COLOR_NAME = AccentColor;
				CODE_SIGN_STYLE = Automatic;
				CURRENT_PROJECT_VERSION = 1;
				DEVELOPMENT_TEAM = QQN262X7KM;
				GENERATE_INFOPLIST_FILE = YES;
				INFOPLIST_FILE = MyShopping/Info.plist;
				INFOPLIST_KEY_CFBundleDisplayName = MyShop;
				INFOPLIST_KEY_UIApplicationSupportsIndirectInputEvents = YES;
				INFOPLIST_KEY_UILaunchStoryboardName = LaunchScreen;
				INFOPLIST_KEY_UISupportedInterfaceOrientations = UIInterfaceOrientationPortrait;
				INFOPLIST_KEY_UISupportedInterfaceOrientations_iPad = UIInterfaceOrientationPortrait;
				IPHONEOS_DEPLOYMENT_TARGET = 15.0;
				LD_RUNPATH_SEARCH_PATHS = (
					"$(inherited)",
					"@executable_path/Frameworks",
				);
				MARKETING_VERSION = 1.0;
				PRODUCT_BUNDLE_IDENTIFIER = com.Jun.MyShopping;
				PRODUCT_NAME = "$(TARGET_NAME)";
				SUPPORTED_PLATFORMS = "iphoneos iphonesimulator";
				SUPPORTS_MACCATALYST = NO;
				SUPPORTS_MAC_DESIGNED_FOR_IPHONE_IPAD = NO;
				SUPPORTS_XR_DESIGNED_FOR_IPHONE_IPAD = NO;
				SWIFT_EMIT_LOC_STRINGS = YES;
				SWIFT_VERSION = 5.0;
				TARGETED_DEVICE_FAMILY = 1;
			};
			name = Release;
		};
/* End XCBuildConfiguration section */

/* Begin XCConfigurationList section */
		720710B02C1AD8EE00DEB707 /* Build configuration list for PBXProject "MyShopping" */ = {
			isa = XCConfigurationList;
			buildConfigurations = (
				720710C72C1AD8EF00DEB707 /* Debug */,
				720710C82C1AD8EF00DEB707 /* Release */,
			);
			defaultConfigurationIsVisible = 0;
			defaultConfigurationName = Release;
		};
		720710C92C1AD8EF00DEB707 /* Build configuration list for PBXNativeTarget "MyShopping" */ = {
			isa = XCConfigurationList;
			buildConfigurations = (
				720710CA2C1AD8EF00DEB707 /* Debug */,
				720710CB2C1AD8EF00DEB707 /* Release */,
			);
			defaultConfigurationIsVisible = 0;
			defaultConfigurationName = Release;
		};
/* End XCConfigurationList section */

/* Begin XCRemoteSwiftPackageReference section */
		720710DE2C1B01FD00DEB707 /* XCRemoteSwiftPackageReference "SnapKit" */ = {
			isa = XCRemoteSwiftPackageReference;
			repositoryURL = "https://github.com/SnapKit/SnapKit.git";
			requirement = {
				kind = upToNextMajorVersion;
				minimumVersion = 5.7.1;
			};
		};
/* End XCRemoteSwiftPackageReference section */

/* Begin XCSwiftPackageProductDependency section */
		720710DF2C1B01FD00DEB707 /* SnapKit */ = {
			isa = XCSwiftPackageProductDependency;
			package = 720710DE2C1B01FD00DEB707 /* XCRemoteSwiftPackageReference "SnapKit" */;
			productName = SnapKit;
		};
/* End XCSwiftPackageProductDependency section */
	};
	rootObject = 720710AD2C1AD8EE00DEB707 /* Project object */;
}
